
Microsoft Visual Studio Solution File, Format Version 12.00
# Visual Studio Version 17
VisualStudioVersion = 17.8.34511.84
MinimumVisualStudioVersion = 10.0.40219.1
Project("{E24C65DC-7377-472B-9ABA-BC803B73C61A}") = "SECR Requisition", "SECR Requisition\", "{51680FA6-6C45-4DEE-BA6C-6FDB7FF9708B}"
	ProjectSection(WebsiteProperties) = preProject
		TargetFrameworkMoniker = ".NETFramework,Version%3Dv4.7.2"
		Debug.AspNetCompiler.VirtualPath = "/localhost_52385"
		Debug.AspNetCompiler.PhysicalPath = "SECR Requisition\"
		Debug.AspNetCompiler.TargetPath = "PrecompiledWeb\localhost_52385\"
		Debug.AspNetCompiler.Updateable = "true"
		Debug.AspNetCompiler.ForceOverwrite = "true"
		Debug.AspNetCompiler.FixedNames = "false"
		Debug.AspNetCompiler.Debug = "True"
		Release.AspNetCompiler.VirtualPath = "/localhost_52385"
		Release.AspNetCompiler.PhysicalPath = "SECR Requisition\"
		Release.AspNetCompiler.TargetPath = "PrecompiledWeb\localhost_52385\"
		Release.AspNetCompiler.Updateable = "true"
		Release.AspNetCompiler.ForceOverwrite = "true"
		Release.AspNetCompiler.FixedNames = "false"
		Release.AspNetCompiler.Debug = "False"
		VWDPort = "52385"
		SlnRelativePath = "SECR Requisition\"
		DefaultWebSiteLanguage = "Visual C#"
	EndProjectSection
EndProject
Global
	GlobalSection(SolutionConfigurationPlatforms) = preSolution
		Debug|Any CPU = Debug|Any CPU
	EndGlobalSection
	GlobalSection(ProjectConfigurationPlatforms) = postSolution
		{51680FA6-6C45-4DEE-BA6C-6FDB7FF9708B}.Debug|Any CPU.ActiveCfg = Debug|Any CPU
		{51680FA6-6C45-4DEE-BA6C-6FDB7FF9708B}.Debug|Any CPU.Build.0 = Debug|Any CPU
	EndGlobalSection
	GlobalSection(SolutionProperties) = preSolution
		HideSolutionNode = FALSE
	EndGlobalSection
	GlobalSection(ExtensibilityGlobals) = postSolution
		SolutionGuid = {8A85AE0B-3E86-4C44-ABC2-A7BCA5C32BEB}
	EndGlobalSection
EndGlobal


